
Microsoft Visual Studio Solution File, Format Version 12.00
# Visual Studio Version 16
VisualStudioVersion = 16.0.29424.173
MinimumVisualStudioVersion = 10.0.40219.1
Project("{8BC9CEB8-8B4A-11D0-8D11-00A0C91BC942}") = "LightRider", "LightRider\LightRider.vcxproj", "{529FD9D8-B9A9-40A4-8C8F-17AA41160CE7}"
EndProject
Project("{54435603-DBB4-11D2-8724-00A0C9A8B90C}") = "Setup", "Setup\Setup.vdproj", "{3F416674-B3B7-45D7-B0E6-73607C249641}"
EndProject
Global
	GlobalSection(SolutionConfigurationPlatforms) = preSolution
		Debug|x64 = Debug|x64
		Debug|x86 = Debug|x86
		Release|x64 = Release|x64
		Release|x86 = Release|x86
	EndGlobalSection
	GlobalSection(ProjectConfigurationPlatforms) = postSolution
		{529FD9D8-B9A9-40A4-8C8F-17AA41160CE7}.Debug|x64.ActiveCfg = Debug|x64
		{529FD9D8-B9A9-40A4-8C8F-17AA41160CE7}.Debug|x64.Build.0 = Debug|x64
		{529FD9D8-B9A9-40A4-8C8F-17AA41160CE7}.Debug|x86.ActiveCfg = Debug|Win32
		{529FD9D8-B9A9-40A4-8C8F-17AA41160CE7}.Debug|x86.Build.0 = Debug|Win32
		{529FD9D8-B9A9-40A4-8C8F-17AA41160CE7}.Release|x64.ActiveCfg = Release|x64
		{529FD9D8-B9A9-40A4-8C8F-17AA41160CE7}.Release|x64.Build.0 = Release|x64
		{529FD9D8-B9A9-40A4-8C8F-17AA41160CE7}.Release|x86.ActiveCfg = Release|Win32
		{529FD9D8-B9A9-40A4-8C8F-17AA41160CE7}.Release|x86.Build.0 = Release|Win32
		{3F416674-B3B7-45D7-B0E6-73607C249641}.Debug|x64.ActiveCfg = Debug
		{3F416674-B3B7-45D7-B0E6-73607C249641}.Debug|x86.ActiveCfg = Debug
		{3F416674-B3B7-45D7-B0E6-73607C249641}.Release|x64.ActiveCfg = Release
		{3F416674-B3B7-45D7-B0E6-73607C249641}.Release|x86.ActiveCfg = Release
		{3F416674-B3B7-45D7-B0E6-73607C249641}.Release|x86.Build.0 = Release
	EndGlobalSection
	GlobalSection(SolutionProperties) = preSolution
		HideSolutionNode = FALSE
	EndGlobalSection
	GlobalSection(ExtensibilityGlobals) = postSolution
		SolutionGuid = {41966160-1794-4847-9B20-0ADC1C13AAE4}
	EndGlobalSection
EndGlobal
